// !$*UTF8*$!
{
	archiveVersion = 1;
	classes = {
	};
	objectVersion = 77;
	objects = {

/* Begin PBXBuildFile section */
		29F2851D2F7191DB00C48386 /* XCTest.framework in Frameworks */ = {isa = PBXBuildFile; fileRef = 29F2850B2F70BF5300C48386 /* XCTest.framework */; };
		29F6E4152F5CD01C0094385D /* WebKit.framework in Frameworks */ = {isa = PBXBuildFile; fileRef = 29F6E4142F5CD01C0094385D /* WebKit.framework */; settings = {ATTRIBUTES = (Required, ); }; };
/* End PBXBuildFile section */

/* Begin PBXContainerItemProxy section */
		29F285162F71913B00C48386 /* PBXContainerItemProxy */ = {
			isa = PBXContainerItemProxy;
			containerPortal = 29F6E3E92F5CC2450094385D /* Project object */;
			proxyType = 1;
			remoteGlobalIDString = 29F6E3F02F5CC2450094385D;
			remoteInfo = "SDPipeline — macOS SwiftUI App";
		};
/* End PBXContainerItemProxy section */

/* Begin PBXFileReference section */
		29F2850B2F70BF5300C48386 /* XCTest.framework */ = {isa = PBXFileReference; lastKnownFileType = wrapper.framework; name = XCTest.framework; path = Platforms/MacOSX.platform/Developer/Library/Frameworks/XCTest.framework; sourceTree = DEVELOPER_DIR; };
		29F285122F71913B00C48386 /* SDPipeline — macOS SwiftUI AppTests.xctest */ = {isa = PBXFileReference; explicitFileType = wrapper.cfbundle; includeInIndex = 0; path = "SDPipeline — macOS SwiftUI AppTests.xctest"; sourceTree = BUILT_PRODUCTS_DIR; };
		29F6E3F12F5CC2450094385D /* SDPipeline — macOS SwiftUI App.app */ = {isa = PBXFileReference; explicitFileType = wrapper.application; includeInIndex = 0; path = "SDPipeline — macOS SwiftUI App.app"; sourceTree = BUILT_PRODUCTS_DIR; };
		29F6E4142F5CD01C0094385D /* WebKit.framework */ = {isa = PBXFileReference; lastKnownFileType = wrapper.framework; name = WebKit.framework; path = System/Library/Frameworks/WebKit.framework; sourceTree = SDKROOT; };
/* End PBXFileReference section */

/* Begin PBXFileSystemSynchronizedBuildFileExceptionSet section */
		29F285282F71955800C48386 /* Exceptions for "SDPipeline — macOS SwiftUI AppTests" folder in "SDPipeline — macOS SwiftUI App" target */ = {
			isa = PBXFileSystemSynchronizedBuildFileExceptionSet;
			membershipExceptions = (
				SDPipelineTests.swift,
			);
			target = 29F6E3F02F5CC2450094385D /* SDPipeline — macOS SwiftUI App */;
		};
		29F285292F71955800C48386 /* Exceptions for "SDPipeline — macOS SwiftUI AppTests" folder in "SDPipeline — macOS SwiftUI AppTests" target */ = {
			isa = PBXFileSystemSynchronizedBuildFileExceptionSet;
			membershipExceptions = (
				SDPipelineTests.swift,
			);
			target = 29F285112F71913B00C48386 /* SDPipeline — macOS SwiftUI AppTests */;
		};
/* End PBXFileSystemSynchronizedBuildFileExceptionSet section */

/* Begin PBXFileSystemSynchronizedRootGroup section */
		29F285252F7193FA00C48386 /* SDPipeline — macOS SwiftUI AppTests */ = {
			isa = PBXFileSystemSynchronizedRootGroup;
			exceptions = (
				29F285282F71955800C48386 /* Exceptions for "SDPipeline — macOS SwiftUI AppTests" folder in "SDPipeline — macOS SwiftUI App" target */,
				29F285292F71955800C48386 /* Exceptions for "SDPipeline — macOS SwiftUI AppTests" folder in "SDPipeline — macOS SwiftUI AppTests" target */,
			);
			path = "SDPipeline — macOS SwiftUI AppTests";
			sourceTree = "<group>";
		};
		29F6E3F32F5CC2450094385D /* SDPipeline — macOS SwiftUI App */ = {
			isa = PBXFileSystemSynchronizedRootGroup;
			path = "SDPipeline — macOS SwiftUI App";
			sourceTree = "<group>";
		};
/* End PBXFileSystemSynchronizedRootGroup section */

/* Begin PBXFrameworksBuildPhase section */
		29F2850F2F71913B00C48386 /* Frameworks */ = {
			isa = PBXFrameworksBuildPhase;
			buildActionMask = 2147483647;
			files = (
				29F2851D2F7191DB00C48386 /* XCTest.framework in Frameworks */,
			);
			runOnlyForDeploymentPostprocessing = 0;
		};
		29F6E3EE2F5CC2450094385D /* Frameworks */ = {
			isa = PBXFrameworksBuildPhase;
			buildActionMask = 2147483647;
			files = (
				29F6E4152F5CD01C0094385D /* WebKit.framework in Frameworks */,
			);
			runOnlyForDeploymentPostprocessing = 0;
		};
/* End PBXFrameworksBuildPhase section */

/* Begin PBXGroup section */
		29F6E3E82F5CC2450094385D = {
			isa = PBXGroup;
			children = (
				29F6E3F32F5CC2450094385D /* SDPipeline — macOS SwiftUI App */,
				29F6E4132F5CD01C0094385D /* Frameworks */,
				29F6E3F22F5CC2450094385D /* Products */,
				29F285252F7193FA00C48386 /* SDPipeline — macOS SwiftUI AppTests */,
			);
			sourceTree = "<group>";
		};
		29F6E3F22F5CC2450094385D /* Products */ = {
			isa = PBXGroup;
			children = (
				29F6E3F12F5CC2450094385D /* SDPipeline — macOS SwiftUI App.app */,
				29F285122F71913B00C48386 /* SDPipeline — macOS SwiftUI AppTests.xctest */,
			);
			name = Products;
			sourceTree = "<group>";
		};
		29F6E4132F5CD01C0094385D /* Frameworks */ = {
			isa = PBXGroup;
			children = (
				29F2850B2F70BF5300C48386 /* XCTest.framework */,
				29F6E4142F5CD01C0094385D /* WebKit.framework */,
			);
			name = Frameworks;
			sourceTree = "<group>";
		};
/* End PBXGroup section */

/* Begin PBXNativeTarget section */
		29F285112F71913B00C48386 /* SDPipeline — macOS SwiftUI AppTests */ = {
			isa = PBXNativeTarget;
			buildConfigurationList = 29F285182F71913B00C48386 /* Build configuration list for PBXNativeTarget "SDPipeline — macOS SwiftUI AppTests" */;
			buildPhases = (
				29F2850E2F71913B00C48386 /* Sources */,
				29F2850F2F71913B00C48386 /* Frameworks */,
				29F285102F71913B00C48386 /* Resources */,
			);
			buildRules = (
			);
			dependencies = (
				29F285172F71913B00C48386 /* PBXTargetDependency */,
			);
			name = "SDPipeline — macOS SwiftUI AppTests";
			packageProductDependencies = (
			);
			productName = "SDPipeline — macOS SwiftUI AppTests";
			productReference = 29F285122F71913B00C48386 /* SDPipeline — macOS SwiftUI AppTests.xctest */;
			productType = "com.apple.product-type.bundle.unit-test";
		};
		29F6E3F02F5CC2450094385D /* SDPipeline — macOS SwiftUI App */ = {
			isa = PBXNativeTarget;
			buildConfigurationList = 29F6E3FC2F5CC2460094385D /* Build configuration list for PBXNativeTarget "SDPipeline — macOS SwiftUI App" */;
			buildPhases = (
				29F6E3ED2F5CC2450094385D /* Sources */,
				29F6E3EE2F5CC2450094385D /* Frameworks */,
				29F6E3EF2F5CC2450094385D /* Resources */,
			);
			buildRules = (
			);
			dependencies = (
			);
			fileSystemSynchronizedGroups = (
				29F285252F7193FA00C48386 /* SDPipeline — macOS SwiftUI AppTests */,
				29F6E3F32F5CC2450094385D /* SDPipeline — macOS SwiftUI App */,
			);
			name = "SDPipeline — macOS SwiftUI App";
			packageProductDependencies = (
			);
			productName = "SDPipeline — macOS SwiftUI App";
			productReference = 29F6E3F12F5CC2450094385D /* SDPipeline — macOS SwiftUI App.app */;
			productType = "com.apple.product-type.application";
		};
/* End PBXNativeTarget section */

/* Begin PBXProject section */
		29F6E3E92F5CC2450094385D /* Project object */ = {
			isa = PBXProject;
			attributes = {
				BuildIndependentTargetsInParallel = 1;
				LastSwiftUpdateCheck = 2620;
				LastUpgradeCheck = 2620;
				TargetAttributes = {
					29F285112F71913B00C48386 = {
						CreatedOnToolsVersion = 26.2;
						TestTargetID = 29F6E3F02F5CC2450094385D;
					};
					29F6E3F02F5CC2450094385D = {
						CreatedOnToolsVersion = 26.2;
					};
				};
			};
			buildConfigurationList = 29F6E3EC2F5CC2450094385D /* Build configuration list for PBXProject "SDPipeline — macOS SwiftUI App" */;
			developmentRegion = en;
			hasScannedForEncodings = 0;
			knownRegions = (
				en,
				Base,
			);
			mainGroup = 29F6E3E82F5CC2450094385D;
			minimizedProjectReferenceProxies = 1;
			preferredProjectObjectVersion = 77;
			productRefGroup = 29F6E3F22F5CC2450094385D /* Products */;
			projectDirPath = "";
			projectRoot = "";
			targets = (
				29F6E3F02F5CC2450094385D /* SDPipeline — macOS SwiftUI App */,
				29F285112F71913B00C48386 /* SDPipeline — macOS SwiftUI AppTests */,
			);
		};
/* End PBXProject section */

/* Begin PBXResourcesBuildPhase section */
		29F285102F71913B00C48386 /* Resources */ = {
			isa = PBXResourcesBuildPhase;
			buildActionMask = 2147483647;
			files = (
			);
			runOnlyForDeploymentPostprocessing = 0;
		};
		29F6E3EF2F5CC2450094385D /* Resources */ = {
			isa = PBXResourcesBuildPhase;
			buildActionMask = 2147483647;
			files = (
			);
			runOnlyForDeploymentPostprocessing = 0;
		};
/* End PBXResourcesBuildPhase section */

/* Begin PBXSourcesBuildPhase section */
		29F2850E2F71913B00C48386 /* Sources */ = {
			isa = PBXSourcesBuildPhase;
			buildActionMask = 2147483647;
			files = (
			);
			runOnlyForDeploymentPostprocessing = 0;
		};
		29F6E3ED2F5CC2450094385D /* Sources */ = {
			isa = PBXSourcesBuildPhase;
			buildActionMask = 2147483647;
			files = (
			);
			runOnlyForDeploymentPostprocessing = 0;
		};
/* End PBXSourcesBuildPhase section */

/* Begin PBXTargetDependency section */
		29F285172F71913B00C48386 /* PBXTargetDependency */ = {
			isa = PBXTargetDependency;
			target = 29F6E3F02F5CC2450094385D /* SDPipeline — macOS SwiftUI App */;
			targetProxy = 29F285162F71913B00C48386 /* PBXContainerItemProxy */;
		};
/* End PBXTargetDependency section */

/* Begin XCBuildConfiguration section */
		29F285192F71913B00C48386 /* Debug */ = {
			isa = XCBuildConfiguration;
			buildSettings = {
				BUNDLE_LOADER = "$(TEST_HOST)";
				CODE_SIGN_STYLE = Automatic;
				CURRENT_PROJECT_VERSION = 1;
				DEVELOPMENT_TEAM = 5Z298TPX6Y;
				GENERATE_INFOPLIST_FILE = YES;
				MARKETING_VERSION = 1.0;
				PRODUCT_BUNDLE_IDENTIFIER = "cheraxxx.SDPipeline---macOS-SwiftUI-AppTests";
				PRODUCT_NAME = "$(TARGET_NAME)";
				STRING_CATALOG_GENERATE_SYMBOLS = NO;
				SWIFT_APPROACHABLE_CONCURRENCY = YES;
				SWIFT_EMIT_LOC_STRINGS = NO;
				SWIFT_UPCOMING_FEATURE_MEMBER_IMPORT_VISIBILITY = YES;
				SWIFT_VERSION = 5.0;
				TEST_HOST = "$(BUILT_PRODUCTS_DIR)/SDPipeline — macOS SwiftUI App.app/$(BUNDLE_EXECUTABLE_FOLDER_PATH)/SDPipeline — macOS SwiftUI App";
			};
			name = Debug;
		};
		29F2851A2F71913B00C48386 /* Release */ = {
			isa = XCBuildConfiguration;
			buildSettings = {
				BUNDLE_LOADER = "$(TEST_HOST)";
				CODE_SIGN_STYLE = Automatic;
				CURRENT_PROJECT_VERSION = 1;
				DEVELOPMENT_TEAM = 5Z298TPX6Y;
				GENERATE_INFOPLIST_FILE = YES;
				MARKETING_VERSION = 1.0;
				PRODUCT_BUNDLE_IDENTIFIER = "cheraxxx.SDPipeline---macOS-SwiftUI-AppTests";
				PRODUCT_NAME = "$(TARGET_NAME)";
				STRING_CATALOG_GENERATE_SYMBOLS = NO;
				SWIFT_APPROACHABLE_CONCURRENCY = YES;
				SWIFT_EMIT_LOC_STRINGS = NO;
				SWIFT_UPCOMING_FEATURE_MEMBER_IMPORT_VISIBILITY = YES;
				SWIFT_VERSION = 5.0;
				TEST_HOST = "$(BUILT_PRODUCTS_DIR)/SDPipeline — macOS SwiftUI App.app/$(BUNDLE_EXECUTABLE_FOLDER_PATH)/SDPipeline — macOS SwiftUI App";
			};
			name = Release;
		};
		29F6E3FA2F5CC2460094385D /* Debug */ = {
			isa = XCBuildConfiguration;
			buildSettings = {
				ALWAYS_SEARCH_USER_PATHS = NO;
				ASSETCATALOG_COMPILER_GENERATE_SWIFT_ASSET_SYMBOL_EXTENSIONS = YES;
				CLANG_ANALYZER_NONNULL = YES;
				CLANG_ANALYZER_NUMBER_OBJECT_CONVERSION = YES_AGGRESSIVE;
				CLANG_CXX_LANGUAGE_STANDARD = "gnu++20";
				CLANG_ENABLE_MODULES = YES;
				CLANG_ENABLE_OBJC_ARC = YES;
				CLANG_ENABLE_OBJC_WEAK = YES;
				CLANG_WARN_BLOCK_CAPTURE_AUTORELEASING = YES;
				CLANG_WARN_BOOL_CONVERSION = YES;
				CLANG_WARN_COMMA = YES;
				CLANG_WARN_CONSTANT_CONVERSION = YES;
				CLANG_WARN_DEPRECATED_OBJC_IMPLEMENTATIONS = YES;
				CLANG_WARN_DIRECT_OBJC_ISA_USAGE = YES_ERROR;
				CLANG_WARN_DOCUMENTATION_COMMENTS = YES;
				CLANG_WARN_EMPTY_BODY = YES;
				CLANG_WARN_ENUM_CONVERSION = YES;
				CLANG_WARN_INFINITE_RECURSION = YES;
				CLANG_WARN_INT_CONVERSION = YES;
				CLANG_WARN_NON_LITERAL_NULL_CONVERSION = YES;
				CLANG_WARN_OBJC_IMPLICIT_RETAIN_SELF = YES;
				CLANG_WARN_OBJC_LITERAL_CONVERSION = YES;
				CLANG_WARN_OBJC_ROOT_CLASS = YES_ERROR;
				CLANG_WARN_QUOTED_INCLUDE_IN_FRAMEWORK_HEADER = YES;
				CLANG_WARN_RANGE_LOOP_ANALYSIS = YES;
				CLANG_WARN_STRICT_PROTOTYPES = YES;
				CLANG_WARN_SUSPICIOUS_MOVE = YES;
				CLANG_WARN_UNGUARDED_AVAILABILITY = YES_AGGRESSIVE;
				CLANG_WARN_UNREACHABLE_CODE = YES;
				CLANG_WARN__DUPLICATE_METHOD_MATCH = YES;
				COPY_PHASE_STRIP = NO;
				DEBUG_INFORMATION_FORMAT = dwarf;
				DEVELOPMENT_TEAM = 5Z298TPX6Y;
				ENABLE_STRICT_OBJC_MSGSEND = YES;
				ENABLE_TESTABILITY = YES;
				ENABLE_USER_SCRIPT_SANDBOXING = YES;
				GCC_C_LANGUAGE_STANDARD = gnu17;
				GCC_DYNAMIC_NO_PIC = NO;
				GCC_NO_COMMON_BLOCKS = YES;
				GCC_OPTIMIZATION_LEVEL = 0;
				GCC_PREPROCESSOR_DEFINITIONS = (
					"DEBUG=1",
					"$(inherited)",
				);
				GCC_WARN_64_TO_32_BIT_CONVERSION = YES;
				GCC_WARN_ABOUT_RETURN_TYPE = YES_ERROR;
				GCC_WARN_UNDECLARED_SELECTOR = YES;
				GCC_WARN_UNINITIALIZED_AUTOS = YES_AGGRESSIVE;
				GCC_WARN_UNUSED_FUNCTION = YES;
				GCC_WARN_UNUSED_VARIABLE = YES;
				LOCALIZATION_PREFERS_STRING_CATALOGS = YES;
				MACOSX_DEPLOYMENT_TARGET = 26.2;
				MTL_ENABLE_DEBUG_INFO = INCLUDE_SOURCE;
				MTL_FAST_MATH = YES;
				ONLY_ACTIVE_ARCH = YES;
				PRODUCT_MODULE_NAME = "$(PRODUCT_NAME:c99extidentifier)";
				SDKROOT = macosx;
				SWIFT_ACTIVE_COMPILATION_CONDITIONS = "DEBUG $(inherited)";
				SWIFT_OPTIMIZATION_LEVEL = "-Onone";
			};
			name = Debug;
		};
		29F6E3FB2F5CC2460094385D /* Release */ = {
			isa = XCBuildConfiguration;
			buildSettings = {
				ALWAYS_SEARCH_USER_PATHS = NO;
				ASSETCATALOG_COMPILER_GENERATE_SWIFT_ASSET_SYMBOL_EXTENSIONS = YES;
				CLANG_ANALYZER_NONNULL = YES;
				CLANG_ANALYZER_NUMBER_OBJECT_CONVERSION = YES_AGGRESSIVE;
				CLANG_CXX_LANGUAGE_STANDARD = "gnu++20";
				CLANG_ENABLE_MODULES = YES;
				CLANG_ENABLE_OBJC_ARC = YES;
				CLANG_ENABLE_OBJC_WEAK = YES;
				CLANG_WARN_BLOCK_CAPTURE_AUTORELEASING = YES;
				CLANG_WARN_BOOL_CONVERSION = YES;
				CLANG_WARN_COMMA = YES;
				CLANG_WARN_CONSTANT_CONVERSION = YES;
				CLANG_WARN_DEPRECATED_OBJC_IMPLEMENTATIONS = YES;
				CLANG_WARN_DIRECT_OBJC_ISA_USAGE = YES_ERROR;
				CLANG_WARN_DOCUMENTATION_COMMENTS = YES;
				CLANG_WARN_EMPTY_BODY = YES;
				CLANG_WARN_ENUM_CONVERSION = YES;
				CLANG_WARN_INFINITE_RECURSION = YES;
				CLANG_WARN_INT_CONVERSION = YES;
				CLANG_WARN_NON_LITERAL_NULL_CONVERSION = YES;
				CLANG_WARN_OBJC_IMPLICIT_RETAIN_SELF = YES;
				CLANG_WARN_OBJC_LITERAL_CONVERSION = YES;
				CLANG_WARN_OBJC_ROOT_CLASS = YES_ERROR;
				CLANG_WARN_QUOTED_INCLUDE_IN_FRAMEWORK_HEADER = YES;
				CLANG_WARN_RANGE_LOOP_ANALYSIS = YES;
				CLANG_WARN_STRICT_PROTOTYPES = YES;
				CLANG_WARN_SUSPICIOUS_MOVE = YES;
				CLANG_WARN_UNGUARDED_AVAILABILITY = YES_AGGRESSIVE;
				CLANG_WARN_UNREACHABLE_CODE = YES;
				CLANG_WARN__DUPLICATE_METHOD_MATCH = YES;
				COPY_PHASE_STRIP = NO;
				DEBUG_INFORMATION_FORMAT = "dwarf-with-dsym";
				DEVELOPMENT_TEAM = 5Z298TPX6Y;
				ENABLE_NS_ASSERTIONS = NO;
				ENABLE_STRICT_OBJC_MSGSEND = YES;
				ENABLE_USER_SCRIPT_SANDBOXING = YES;
				GCC_C_LANGUAGE_STANDARD = gnu17;
				GCC_NO_COMMON_BLOCKS = YES;
				GCC_WARN_64_TO_32_BIT_CONVERSION = YES;
				GCC_WARN_ABOUT_RETURN_TYPE = YES_ERROR;
				GCC_WARN_UNDECLARED_SELECTOR = YES;
				GCC_WARN_UNINITIALIZED_AUTOS = YES_AGGRESSIVE;
				GCC_WARN_UNUSED_FUNCTION = YES;
				GCC_WARN_UNUSED_VARIABLE = YES;
				LOCALIZATION_PREFERS_STRING_CATALOGS = YES;
				MACOSX_DEPLOYMENT_TARGET = 26.2;
				MTL_ENABLE_DEBUG_INFO = NO;
				MTL_FAST_MATH = YES;
				PRODUCT_MODULE_NAME = "$(PRODUCT_NAME:c99extidentifier)";
				SDKROOT = macosx;
				SWIFT_COMPILATION_MODE = wholemodule;
			};
			name = Release;
		};
		29F6E3FD2F5CC2460094385D /* Debug */ = {
			isa = XCBuildConfiguration;
			buildSettings = {
				ASSETCATALOG_COMPILER_APPICON_NAME = AppIcon;
				ASSETCATALOG_COMPILER_GLOBAL_ACCENT_COLOR_NAME = AccentColor;
				"CODE_SIGN_IDENTITY[sdk=macosx*]" = "Apple Development";
				CODE_SIGN_STYLE = Automatic;
				COMBINE_HIDPI_IMAGES = YES;
				CURRENT_PROJECT_VERSION = 1;
				DEVELOPMENT_TEAM = 5Z298TPX6Y;
				ENABLE_APP_SANDBOX = NO;
				ENABLE_HARDENED_RUNTIME = YES;
				ENABLE_PREVIEWS = YES;
				GENERATE_INFOPLIST_FILE = YES;
				INFOPLIST_KEY_LSApplicationCategoryType = "public.app-category.entertainment";
				INFOPLIST_KEY_NSHumanReadableCopyright = "";
				LD_RUNPATH_SEARCH_PATHS = (
					"$(inherited)",
					"@executable_path/../Frameworks",
				);
				MARKETING_VERSION = 1.0;
				PRODUCT_BUNDLE_IDENTIFIER = "cheraxxx.SDPipeline---macOS-SwiftUI-App";
				PRODUCT_MODULE_NAME = SDPipeline;
				PRODUCT_NAME = "$(TARGET_NAME)";
				REGISTER_APP_GROUPS = YES;
				STRING_CATALOG_GENERATE_SYMBOLS = YES;
				SWIFT_APPROACHABLE_CONCURRENCY = YES;
				SWIFT_DEFAULT_ACTOR_ISOLATION = MainActor;
				SWIFT_EMIT_LOC_STRINGS = YES;
				SWIFT_UPCOMING_FEATURE_MEMBER_IMPORT_VISIBILITY = YES;
				SWIFT_VERSION = 5.0;
			};
			name = Debug;
		};
		29F6E3FE2F5CC2460094385D /* Release */ = {
			isa = XCBuildConfiguration;
			buildSettings = {
				ASSETCATALOG_COMPILER_APPICON_NAME = AppIcon;
				ASSETCATALOG_COMPILER_GLOBAL_ACCENT_COLOR_NAME = AccentColor;
				"CODE_SIGN_IDENTITY[sdk=macosx*]" = "Apple Development";
				CODE_SIGN_STYLE = Automatic;
				COMBINE_HIDPI_IMAGES = YES;
				CURRENT_PROJECT_VERSION = 1;
				DEVELOPMENT_TEAM = 5Z298TPX6Y;
				ENABLE_APP_SANDBOX = NO;
				ENABLE_HARDENED_RUNTIME = YES;
				ENABLE_PREVIEWS = YES;
				GENERATE_INFOPLIST_FILE = YES;
				INFOPLIST_KEY_LSApplicationCategoryType = "public.app-category.entertainment";
				INFOPLIST_KEY_NSHumanReadableCopyright = "";
				LD_RUNPATH_SEARCH_PATHS = (
					"$(inherited)",
					"@executable_path/../Frameworks",
				);
				MARKETING_VERSION = 1.0;
				PRODUCT_BUNDLE_IDENTIFIER = "cheraxxx.SDPipeline---macOS-SwiftUI-App";
				PRODUCT_MODULE_NAME = SDPipeline;
				PRODUCT_NAME = "$(TARGET_NAME)";
				REGISTER_APP_GROUPS = YES;
				STRING_CATALOG_GENERATE_SYMBOLS = YES;
				SWIFT_APPROACHABLE_CONCURRENCY = YES;
				SWIFT_DEFAULT_ACTOR_ISOLATION = MainActor;
				SWIFT_EMIT_LOC_STRINGS = YES;
				SWIFT_UPCOMING_FEATURE_MEMBER_IMPORT_VISIBILITY = YES;
				SWIFT_VERSION = 5.0;
			};
			name = Release;
		};
/* End XCBuildConfiguration section */

/* Begin XCConfigurationList section */
		29F285182F71913B00C48386 /* Build configuration list for PBXNativeTarget "SDPipeline — macOS SwiftUI AppTests" */ = {
			isa = XCConfigurationList;
			buildConfigurations = (
				29F285192F71913B00C48386 /* Debug */,
				29F2851A2F71913B00C48386 /* Release */,
			);
			defaultConfigurationIsVisible = 0;
			defaultConfigurationName = Release;
		};
		29F6E3EC2F5CC2450094385D /* Build configuration list for PBXProject "SDPipeline — macOS SwiftUI App" */ = {
			isa = XCConfigurationList;
			buildConfigurations = (
				29F6E3FA2F5CC2460094385D /* Debug */,
				29F6E3FB2F5CC2460094385D /* Release */,
			);
			defaultConfigurationIsVisible = 0;
			defaultConfigurationName = Release;
		};
		29F6E3FC2F5CC2460094385D /* Build configuration list for PBXNativeTarget "SDPipeline — macOS SwiftUI App" */ = {
			isa = XCConfigurationList;
			buildConfigurations = (
				29F6E3FD2F5CC2460094385D /* Debug */,
				29F6E3FE2F5CC2460094385D /* Release */,
			);
			defaultConfigurationIsVisible = 0;
			defaultConfigurationName = Release;
		};
/* End XCConfigurationList section */
	};
	rootObject = 29F6E3E92F5CC2450094385D /* Project object */;
}
